
Microsoft Visual Studio Solution File, Format Version 12.00
# Visual Studio Version 17
Project("{8BC9CEB8-8B4A-11D0-8D11-00A0C91BC942}") = "ALL_BUILD", "ALL_BUILD.vcxproj", "{DA8F4E60-3674-31B7-9721-7F8F07E89EE0}"
	ProjectSection(ProjectDependencies) = postProject
		{DAF91F28-ACA2-3297-A0F2-16A72C93A226} = {DAF91F28-ACA2-3297-A0F2-16A72C93A226}
		{9344736F-8C0D-38F1-90F4-EAE3CB5C082F} = {9344736F-8C0D-38F1-90F4-EAE3CB5C082F}
	EndProjectSection
EndProject
Project("{8BC9CEB8-8B4A-11D0-8D11-00A0C91BC942}") = "ZERO_CHECK", "ZERO_CHECK.vcxproj", "{DAF91F28-ACA2-3297-A0F2-16A72C93A226}"
	ProjectSection(ProjectDependencies) = postProject
	EndProjectSection
EndProject
Project("{8BC9CEB8-8B4A-11D0-8D11-00A0C91BC942}") = "lab2_6v", "lab2_6v.vcxproj", "{9344736F-8C0D-38F1-90F4-EAE3CB5C082F}"
	ProjectSection(ProjectDependencies) = postProject
		{DAF91F28-ACA2-3297-A0F2-16A72C93A226} = {DAF91F28-ACA2-3297-A0F2-16A72C93A226}
	EndProjectSection
EndProject
Global
	GlobalSection(SolutionConfigurationPlatforms) = preSolution
		Debug|x64 = Debug|x64
		Release|x64 = Release|x64
		MinSizeRel|x64 = MinSizeRel|x64
		RelWithDebInfo|x64 = RelWithDebInfo|x64
	EndGlobalSection
	GlobalSection(ProjectConfigurationPlatforms) = postSolution
		{DA8F4E60-3674-31B7-9721-7F8F07E89EE0}.Debug|x64.ActiveCfg = Debug|x64
		{DA8F4E60-3674-31B7-9721-7F8F07E89EE0}.Release|x64.ActiveCfg = Release|x64
		{DA8F4E60-3674-31B7-9721-7F8F07E89EE0}.MinSizeRel|x64.ActiveCfg = MinSizeRel|x64
		{DA8F4E60-3674-31B7-9721-7F8F07E89EE0}.RelWithDebInfo|x64.ActiveCfg = RelWithDebInfo|x64
		{DAF91F28-ACA2-3297-A0F2-16A72C93A226}.Debug|x64.ActiveCfg = Debug|x64
		{DAF91F28-ACA2-3297-A0F2-16A72C93A226}.Debug|x64.Build.0 = Debug|x64
		{DAF91F28-ACA2-3297-A0F2-16A72C93A226}.Release|x64.ActiveCfg = Release|x64
		{DAF91F28-ACA2-3297-A0F2-16A72C93A226}.Release|x64.Build.0 = Release|x64
		{DAF91F28-ACA2-3297-A0F2-16A72C93A226}.MinSizeRel|x64.ActiveCfg = MinSizeRel|x64
		{DAF91F28-ACA2-3297-A0F2-16A72C93A226}.MinSizeRel|x64.Build.0 = MinSizeRel|x64
		{DAF91F28-ACA2-3297-A0F2-16A72C93A226}.RelWithDebInfo|x64.ActiveCfg = RelWithDebInfo|x64
		{DAF91F28-ACA2-3297-A0F2-16A72C93A226}.RelWithDebInfo|x64.Build.0 = RelWithDebInfo|x64
		{9344736F-8C0D-38F1-90F4-EAE3CB5C082F}.Debug|x64.ActiveCfg = Debug|x64
		{9344736F-8C0D-38F1-90F4-EAE3CB5C082F}.Debug|x64.Build.0 = Debug|x64
		{9344736F-8C0D-38F1-90F4-EAE3CB5C082F}.Release|x64.ActiveCfg = Release|x64
		{9344736F-8C0D-38F1-90F4-EAE3CB5C082F}.Release|x64.Build.0 = Release|x64
		{9344736F-8C0D-38F1-90F4-EAE3CB5C082F}.MinSizeRel|x64.ActiveCfg = MinSizeRel|x64
		{9344736F-8C0D-38F1-90F4-EAE3CB5C082F}.MinSizeRel|x64.Build.0 = MinSizeRel|x64
		{9344736F-8C0D-38F1-90F4-EAE3CB5C082F}.RelWithDebInfo|x64.ActiveCfg = RelWithDebInfo|x64
		{9344736F-8C0D-38F1-90F4-EAE3CB5C082F}.RelWithDebInfo|x64.Build.0 = RelWithDebInfo|x64
	EndGlobalSection
	GlobalSection(ExtensibilityGlobals) = postSolution
		SolutionGuid = {17A17417-4538-33BE-B595-8ECB44C491BF}
	EndGlobalSection
	GlobalSection(ExtensibilityAddIns) = postSolution
	EndGlobalSection
EndGlobal
